
Microsoft Visual Studio Solution File, Format Version 12.00
# Visual Studio Version 16
VisualStudioVersion = 16.0.31410.357
MinimumVisualStudioVersion = 10.0.40219.1
Project("{FAE04EC0-301F-11D3-BF4B-00C04F79EFBC}") = "Sync Entrada Uno", "Sync Entrada Uno.csproj", "{261FF967-3D0A-4274-AE1D-166D6EB3B67A}"
EndProject
Global
	GlobalSection(SolutionConfigurationPlatforms) = preSolution
		Debug|Any CPU = Debug|Any CPU
		Release|Any CPU = Release|Any CPU
	EndGlobalSection
	GlobalSection(ProjectConfigurationPlatforms) = postSolution
		{261FF967-3D0A-4274-AE1D-166D6EB3B67A}.Debug|Any CPU.ActiveCfg = Debug|Any CPU
		{261FF967-3D0A-4274-AE1D-166D6EB3B67A}.Debug|Any CPU.Build.0 = Debug|Any CPU
		{261FF967-3D0A-4274-AE1D-166D6EB3B67A}.Release|Any CPU.ActiveCfg = Release|Any CPU
		{261FF967-3D0A-4274-AE1D-166D6EB3B67A}.Release|Any CPU.Build.0 = Release|Any CPU
	EndGlobalSection
	GlobalSection(SolutionProperties) = preSolution
		HideSolutionNode = FALSE
	EndGlobalSection
	GlobalSection(ExtensibilityGlobals) = postSolution
		SolutionGuid = {5C436DC0-1CD9-4F84-B43D-49FA88920F45}
	EndGlobalSection
EndGlobal
